
Microsoft Visual Studio Solution File, Format Version 12.00
# Visual Studio 2013
VisualStudioVersion = 12.0.30501.0
MinimumVisualStudioVersion = 10.0.40219.1
Project("{FAE04EC0-301F-11D3-BF4B-00C04F79EFBC}") = "PianoTeacher", "PianoTeacher\PianoTeacher.csproj", "{69DB166E-63DD-4447-A3BB-180E68B1A31E}"
EndProject
Project("{FAE04EC0-301F-11D3-BF4B-00C04F79EFBC}") = "PianoTeacher.Libs", "PianoTeacher.Libs\PianoTeacher.Libs.csproj", "{BF95CD35-161C-41D2-A739-1988DA851C76}"
EndProject
Global
	GlobalSection(SolutionConfigurationPlatforms) = preSolution
		Debug|Any CPU = Debug|Any CPU
		Release|Any CPU = Release|Any CPU
	EndGlobalSection
	GlobalSection(ProjectConfigurationPlatforms) = postSolution
		{69DB166E-63DD-4447-A3BB-180E68B1A31E}.Debug|Any CPU.ActiveCfg = Debug|Any CPU
		{69DB166E-63DD-4447-A3BB-180E68B1A31E}.Debug|Any CPU.Build.0 = Debug|Any CPU
		{69DB166E-63DD-4447-A3BB-180E68B1A31E}.Release|Any CPU.ActiveCfg = Release|Any CPU
		{69DB166E-63DD-4447-A3BB-180E68B1A31E}.Release|Any CPU.Build.0 = Release|Any CPU
		{BF95CD35-161C-41D2-A739-1988DA851C76}.Debug|Any CPU.ActiveCfg = Debug|Any CPU
		{BF95CD35-161C-41D2-A739-1988DA851C76}.Debug|Any CPU.Build.0 = Debug|Any CPU
		{BF95CD35-161C-41D2-A739-1988DA851C76}.Release|Any CPU.ActiveCfg = Release|Any CPU
		{BF95CD35-161C-41D2-A739-1988DA851C76}.Release|Any CPU.Build.0 = Release|Any CPU
	EndGlobalSection
	GlobalSection(SolutionProperties) = preSolution
		HideSolutionNode = FALSE
	EndGlobalSection
EndGlobal
